
Microsoft Visual Studio Solution File, Format Version 12.00
# Visual Studio Version 16
VisualStudioVersion = 16.0.30611.23
MinimumVisualStudioVersion = 10.0.40219.1
Project("{FAE04EC0-301F-11D3-BF4B-00C04F79EFBC}") = "Radio_WPF", "Radio_WPF\Radio_WPF.csproj", "{239FDC14-2805-43A7-BF19-F253FB5E1914}"
EndProject
Project("{FAE04EC0-301F-11D3-BF4B-00C04F79EFBC}") = "Radio_Code", "Radio_Code\Radio_Code.csproj", "{5AB5EE3C-097D-418D-A47C-DE6A74AB9746}"
EndProject
Project("{FAE04EC0-301F-11D3-BF4B-00C04F79EFBC}") = "Radio_Tests", "Radio_Tests\Radio_Tests.csproj", "{BDAB2FB5-861C-477C-83C5-0BA4E0824717}"
EndProject
Global
	GlobalSection(SolutionConfigurationPlatforms) = preSolution
		Debug|Any CPU = Debug|Any CPU
		Release|Any CPU = Release|Any CPU
	EndGlobalSection
	GlobalSection(ProjectConfigurationPlatforms) = postSolution
		{239FDC14-2805-43A7-BF19-F253FB5E1914}.Debug|Any CPU.ActiveCfg = Debug|Any CPU
		{239FDC14-2805-43A7-BF19-F253FB5E1914}.Debug|Any CPU.Build.0 = Debug|Any CPU
		{239FDC14-2805-43A7-BF19-F253FB5E1914}.Release|Any CPU.ActiveCfg = Release|Any CPU
		{239FDC14-2805-43A7-BF19-F253FB5E1914}.Release|Any CPU.Build.0 = Release|Any CPU
		{5AB5EE3C-097D-418D-A47C-DE6A74AB9746}.Debug|Any CPU.ActiveCfg = Debug|Any CPU
		{5AB5EE3C-097D-418D-A47C-DE6A74AB9746}.Debug|Any CPU.Build.0 = Debug|Any CPU
		{5AB5EE3C-097D-418D-A47C-DE6A74AB9746}.Release|Any CPU.ActiveCfg = Release|Any CPU
		{5AB5EE3C-097D-418D-A47C-DE6A74AB9746}.Release|Any CPU.Build.0 = Release|Any CPU
		{BDAB2FB5-861C-477C-83C5-0BA4E0824717}.Debug|Any CPU.ActiveCfg = Debug|Any CPU
		{BDAB2FB5-861C-477C-83C5-0BA4E0824717}.Debug|Any CPU.Build.0 = Debug|Any CPU
		{BDAB2FB5-861C-477C-83C5-0BA4E0824717}.Release|Any CPU.ActiveCfg = Release|Any CPU
		{BDAB2FB5-861C-477C-83C5-0BA4E0824717}.Release|Any CPU.Build.0 = Release|Any CPU
	EndGlobalSection
	GlobalSection(SolutionProperties) = preSolution
		HideSolutionNode = FALSE
	EndGlobalSection
	GlobalSection(ExtensibilityGlobals) = postSolution
		SolutionGuid = {51C8AE19-35CD-4B12-884C-19515186AAC8}
	EndGlobalSection
EndGlobal
